
Microsoft Visual Studio Solution File, Format Version 12.00
Project("{FAE04EC0-301F-11D3-BF4B-00C04F79EFBC}") = "To-Do API", "To-Do API\To-Do API.csproj", "{5EA24B59-83C4-41E0-BB02-BB62850B7E43}"
EndProject
Project("{FAE04EC0-301F-11D3-BF4B-00C04F79EFBC}") = "BLL", "BLL\BLL.csproj", "{4693C090-746C-4559-A086-0F20B8F236AC}"
EndProject
Project("{FAE04EC0-301F-11D3-BF4B-00C04F79EFBC}") = "DLA", "DLA\DLA.csproj", "{C88C0F5F-9220-49E6-A3DC-B8628A7E4DF2}"
EndProject
Project("{FAE04EC0-301F-11D3-BF4B-00C04F79EFBC}") = "UnitTests", "UnitTests\UnitTests.csproj", "{AFA2008B-2225-4AF0-8E6C-2463078EF03C}"
EndProject
Global
	GlobalSection(SolutionConfigurationPlatforms) = preSolution
		Debug|Any CPU = Debug|Any CPU
		Release|Any CPU = Release|Any CPU
	EndGlobalSection
	GlobalSection(ProjectConfigurationPlatforms) = postSolution
		{5EA24B59-83C4-41E0-BB02-BB62850B7E43}.Debug|Any CPU.ActiveCfg = Debug|Any CPU
		{5EA24B59-83C4-41E0-BB02-BB62850B7E43}.Debug|Any CPU.Build.0 = Debug|Any CPU
		{5EA24B59-83C4-41E0-BB02-BB62850B7E43}.Release|Any CPU.ActiveCfg = Release|Any CPU
		{5EA24B59-83C4-41E0-BB02-BB62850B7E43}.Release|Any CPU.Build.0 = Release|Any CPU
		{4693C090-746C-4559-A086-0F20B8F236AC}.Debug|Any CPU.ActiveCfg = Debug|Any CPU
		{4693C090-746C-4559-A086-0F20B8F236AC}.Debug|Any CPU.Build.0 = Debug|Any CPU
		{4693C090-746C-4559-A086-0F20B8F236AC}.Release|Any CPU.ActiveCfg = Release|Any CPU
		{4693C090-746C-4559-A086-0F20B8F236AC}.Release|Any CPU.Build.0 = Release|Any CPU
		{C88C0F5F-9220-49E6-A3DC-B8628A7E4DF2}.Debug|Any CPU.ActiveCfg = Debug|Any CPU
		{C88C0F5F-9220-49E6-A3DC-B8628A7E4DF2}.Debug|Any CPU.Build.0 = Debug|Any CPU
		{C88C0F5F-9220-49E6-A3DC-B8628A7E4DF2}.Release|Any CPU.ActiveCfg = Release|Any CPU
		{C88C0F5F-9220-49E6-A3DC-B8628A7E4DF2}.Release|Any CPU.Build.0 = Release|Any CPU
		{AFA2008B-2225-4AF0-8E6C-2463078EF03C}.Debug|Any CPU.ActiveCfg = Debug|Any CPU
		{AFA2008B-2225-4AF0-8E6C-2463078EF03C}.Debug|Any CPU.Build.0 = Debug|Any CPU
		{AFA2008B-2225-4AF0-8E6C-2463078EF03C}.Release|Any CPU.ActiveCfg = Release|Any CPU
		{AFA2008B-2225-4AF0-8E6C-2463078EF03C}.Release|Any CPU.Build.0 = Release|Any CPU
	EndGlobalSection
EndGlobal
